{
  "version": 4,
  "terraform_version": "1.6.0",
  "serial": 3,
  "lineage": "d700ae03-400f-0f54-dc60-f604ca33347f",
  "outputs": {},
  "resources": [
    {
      "mode": "managed",
      "type": "google_container_cluster",
      "name": "primary",
      "provider": "provider[\"registry.terraform.io/hashicorp/google\"]",
      "instances": [
        {
          "schema_version": 2,
          "attributes": {
            "addons_config": [
              {
                "cloudrun_config": [],
                "config_connector_config": [],
                "dns_cache_config": [],
                "gce_persistent_disk_csi_driver_config": [
                  {
                    "enabled": true
                  }
                ],
                "gcp_filestore_csi_driver_config": [],
                "gcs_fuse_csi_driver_config": [],
                "gke_backup_agent_config": [],
                "horizontal_pod_autoscaling": [],
                "http_load_balancing": [],
                "network_policy_config": [
                  {
                    "disabled": true
                  }
                ]
              }
            ],
            "allow_net_admin": null,
            "authenticator_groups_config": [],
            "binary_authorization": [
              {
                "enabled": false,
                "evaluation_mode": ""
              }
            ],
            "cluster_autoscaling": [
              {
                "auto_provisioning_defaults": [],
                "enabled": false,
                "resource_limits": []
              }
            ],
            "cluster_ipv4_cidr": "10.108.0.0/14",
            "confidential_nodes": [],
            "cost_management_config": [],
            "database_encryption": [
              {
                "key_name": "",
                "state": "DECRYPTED"
              }
            ],
            "datapath_provider": "",
            "default_max_pods_per_node": 110,
            "default_snat_status": [
              {
                "disabled": false
              }
            ],
            "deletion_protection": true,
            "description": "",
            "dns_config": [],
            "enable_autopilot": false,
            "enable_intranode_visibility": false,
            "enable_k8s_beta_apis": [],
            "enable_kubernetes_alpha": false,
            "enable_l4_ilb_subsetting": false,
            "enable_legacy_abac": false,
            "enable_shielded_nodes": true,
            "enable_tpu": false,
            "endpoint": "34.75.147.157",
            "gateway_api_config": [],
            "id": "projects/stoked-axe-388413/locations/us-east1-b/clusters/manans-cluster",
            "initial_node_count": 1,
            "ip_allocation_policy": [
              {
                "additional_pod_ranges_config": [],
                "cluster_ipv4_cidr_block": "10.108.0.0/14",
                "cluster_secondary_range_name": "gke-manans-cluster-pods-fb0a5da0",
                "pod_cidr_overprovision_config": [
                  {
                    "disabled": false
                  }
                ],
                "services_ipv4_cidr_block": "10.112.0.0/20",
                "services_secondary_range_name": "gke-manans-cluster-services-fb0a5da0",
                "stack_type": "IPV4"
              }
            ],
            "label_fingerprint": "a9dc16a7",
            "location": "us-east1-b",
            "logging_config": [
              {
                "enable_components": [
                  "SYSTEM_COMPONENTS",
                  "WORKLOADS"
                ]
              }
            ],
            "logging_service": "logging.googleapis.com/kubernetes",
            "maintenance_policy": [],
            "master_auth": [
              {
                "client_certificate": "",
                "client_certificate_config": [
                  {
                    "issue_client_certificate": false
                  }
                ],
                "client_key": "",
                "cluster_ca_certificate": "LS0tLS1CRUdJTiBDRVJUSUZJQ0FURS0tLS0tCk1JSUVMVENDQXBXZ0F3SUJBZ0lSQU8rTm02SFZYUW5HSlJObURPdWhsdFV3RFFZSktvWklodmNOQVFFTEJRQXcKTHpFdE1Dc0dBMVVFQXhNa01UWmtZemsxWkdJdE5qYzVaUzAwTXpCbExXSTNabVV0T0RSaE9XRmtPVFEzTldJMgpNQ0FYRFRJek1UQXlNREl3TURZeU4xb1lEekl3TlRNeE1ERXlNakV3TmpJM1dqQXZNUzB3S3dZRFZRUURFeVF4Ck5tUmpPVFZrWWkwMk56bGxMVFF6TUdVdFlqZG1aUzA0TkdFNVlXUTVORGMxWWpZd2dnR2lNQTBHQ1NxR1NJYjMKRFFFQkFRVUFBNElCandBd2dnR0tBb0lCZ1FDWkwvRzNCYWNqbGlhT2plZnRERlVqZWR6RTN1YVc2bkJsVlJaVwpuREV2anZHKzA5U1dtWVdsZlZsZlBUZjZtT3BxMTRXdlFHN01kd2FSMk1pK21GZlovOW1RdXlQL2NnSWhXNWphCkFrMWszYm14S1dXa2FIUlpMVEtkRVUxb054YlphTG1OZ1R2em9KUjAvYU52T1RTcFZrSmVSYm1MRUE1bjlkd2gKb2gzNVhOOHNaNmtDNCtqS1ZvTkpSY3N6OWtVNXRpZWdqQUlENEY3WlZEemo1YWZDNDRjbFVQSkRhV0VnMlBZZAoxeklZaHdkck4yM0xRekhtRFlHc1R4UkZMQUdiZ2FqZGE2VEIxMVJMeTd0TGxzN2FUWDg3eFRmYmsxSkhGNTF3CnNMTkFEdmhKaGVUNEVWaDhvanBlSm14bFp6M3A5SHRrS2lMQnN6NTZqTU5ZeGpESW5LaWJKQzljTllKTmNYRnoKc01lRjAzZjdtQVp2dWd1V0dvZTVpcml3eGUyNlhUYkFtUmtoVS9Yek9KZUMxcEE5andDaERoamxOakgraE8vZQo4RkNHUUdVNyszeU5ObXdCdDhnbU9aY0xUNG1xaFdNWnN4eU8wM1luN2NrVXphSktxb3VwcTNxWTcvbFo1OTVKCmtuUmtzWFJkYitDMDMwSGRaUXdmMHdLaTI3Y0NBd0VBQWFOQ01FQXdEZ1lEVlIwUEFRSC9CQVFEQWdJRU1BOEcKQTFVZEV3RUIvd1FGTUFNQkFmOHdIUVlEVlIwT0JCWUVGT1RIM0tJUGhDUUV4cVRmSGJJT2xMbFRqVnhvTUEwRwpDU3FHU0liM0RRRUJDd1VBQTRJQmdRQjJldSt3eHJQaWJOcXZBenpCMHVyKzVzZkFHT1NCbm5reHI4Z1p5Zm5kCnBwNlBOcU96TlRhcTEyQ2lEL294Yk5BWHkwNFczL0pTZ3JIaE5NVC9TTVduWnAwS1RobXRJaGc4ZGN6QWl2OHgKZ3lhR3ZuNm5PM3liazVmVTc0eUNPc2xjYWs3Um1ucUJBQkluM21PVnhScklQMzlISXZwWVdJczArM01zKzdRVwptK2dOUnJwY2VxZUZGNlBFRUQ3UTVvdnFwTXJzSVA1bUw5TENWVEhYS09sNHgwbHVFcjE4VExNenF1ZHJmTlNKCnIwYlkvZ21BdHhXUDlzYlh2VDNjNDVxS0kzcHZNUm85bUF5NzJrOWw1NHQ5QThCcG9BUTRoMWhSS3F4N3VFL3gKNVdzUG1NWmxiZDQ2TXV6QklmMVJGSTVnMmIzY2V0Wll4dnI3eGZnTmZPeldwemlyOEdOOWJZT09kRTRVMXlMZQo0aDRKR2hHM09CaUxFYzV2emQ2WGJBVUx0eUg2YVRUMDJDYTkydUE1SkoyK3cwMVJKRU5pU3l2aDBaYmV1SWpQCml5WW9vK1o3L1RrVjltNUtBYmE3Ni9odlg1VEpkZy9OcURTejRPRVZ0Y1VlaVBlWkdQTkxUVlFqV1BnemJqaE0KdmE1cXh1dnhXU0d0Z3ZsdnNuaUgxYUk9Ci0tLS0tRU5EIENFUlRJRklDQVRFLS0tLS0K"
              }
            ],
            "master_authorized_networks_config": [],
            "master_version": "1.27.3-gke.100",
            "mesh_certificates": [],
            "min_master_version": null,
            "monitoring_config": [
              {
                "advanced_datapath_observability_config": [
                  {
                    "enable_metrics": false,
                    "relay_mode": "DISABLED"
                  }
                ],
                "enable_components": [
                  "SYSTEM_COMPONENTS"
                ],
                "managed_prometheus": [
                  {
                    "enabled": true
                  }
                ]
              }
            ],
            "monitoring_service": "monitoring.googleapis.com/kubernetes",
            "name": "manans-cluster",
            "network": "projects/stoked-axe-388413/global/networks/default",
            "network_policy": [
              {
                "enabled": false,
                "provider": "PROVIDER_UNSPECIFIED"
              }
            ],
            "networking_mode": "VPC_NATIVE",
            "node_config": [],
            "node_locations": [],
            "node_pool": [],
            "node_pool_auto_config": [],
            "node_pool_defaults": [
              {
                "node_config_defaults": [
                  {
                    "logging_variant": "DEFAULT"
                  }
                ]
              }
            ],
            "node_version": "1.27.3-gke.100",
            "notification_config": [
              {
                "pubsub": [
                  {
                    "enabled": false,
                    "filter": [],
                    "topic": ""
                  }
                ]
              }
            ],
            "operation": null,
            "private_cluster_config": [
              {
                "enable_private_endpoint": false,
                "enable_private_nodes": false,
                "master_global_access_config": [
                  {
                    "enabled": false
                  }
                ],
                "master_ipv4_cidr_block": "",
                "peering_name": "",
                "private_endpoint": "10.142.0.22",
                "private_endpoint_subnetwork": "",
                "public_endpoint": "34.75.147.157"
              }
            ],
            "private_ipv6_google_access": "",
            "project": "stoked-axe-388413",
            "release_channel": [
              {
                "channel": "REGULAR"
              }
            ],
            "remove_default_node_pool": true,
            "resource_labels": null,
            "resource_usage_export_config": [],
            "security_posture_config": [
              {
                "mode": "BASIC",
                "vulnerability_mode": "VULNERABILITY_MODE_UNSPECIFIED"
              }
            ],
            "self_link": "https://container.googleapis.com/v1/projects/stoked-axe-388413/zones/us-east1-b/clusters/manans-cluster",
            "service_external_ips_config": [
              {
                "enabled": false
              }
            ],
            "services_ipv4_cidr": "10.112.0.0/20",
            "subnetwork": "projects/stoked-axe-388413/regions/us-east1/subnetworks/default",
            "timeouts": null,
            "tpu_ipv4_cidr_block": "",
            "vertical_pod_autoscaling": [],
            "workload_identity_config": []
          },
          "sensitive_attributes": [],
          "private": "eyJlMmJmYjczMC1lY2FhLTExZTYtOGY4OC0zNDM2M2JjN2M0YzAiOnsiY3JlYXRlIjoyNDAwMDAwMDAwMDAwLCJkZWxldGUiOjI0MDAwMDAwMDAwMDAsInJlYWQiOjI0MDAwMDAwMDAwMDAsInVwZGF0ZSI6MzYwMDAwMDAwMDAwMH0sInNjaGVtYV92ZXJzaW9uIjoiMiJ9"
        }
      ]
    },
    {
      "mode": "managed",
      "type": "google_container_node_pool",
      "name": "primary_preemptible_nodes",
      "provider": "provider[\"registry.terraform.io/hashicorp/google\"]",
      "instances": [
        {
          "schema_version": 1,
          "attributes": {
            "autoscaling": [],
            "cluster": "manans-cluster",
            "id": "projects/stoked-axe-388413/locations/us-east1-b/clusters/manans-cluster/nodePools/node-pool",
            "initial_node_count": 1,
            "instance_group_urls": [
              "https://www.googleapis.com/compute/v1/projects/stoked-axe-388413/zones/us-east1-b/instanceGroupManagers/gke-manans-cluster-node-pool-3c7bced9-grp"
            ],
            "location": "us-east1-b",
            "managed_instance_group_urls": [
              "https://www.googleapis.com/compute/v1/projects/stoked-axe-388413/zones/us-east1-b/instanceGroups/gke-manans-cluster-node-pool-3c7bced9-grp"
            ],
            "management": [
              {
                "auto_repair": true,
                "auto_upgrade": true
              }
            ],
            "max_pods_per_node": 110,
            "name": "node-pool",
            "name_prefix": "",
            "network_config": [
              {
                "create_pod_range": false,
                "enable_private_nodes": false,
                "pod_cidr_overprovision_config": [],
                "pod_ipv4_cidr_block": "10.108.0.0/14",
                "pod_range": "gke-manans-cluster-pods-fb0a5da0"
              }
            ],
            "node_config": [
              {
                "advanced_machine_features": [],
                "boot_disk_kms_key": "",
                "confidential_nodes": [],
                "disk_size_gb": 10,
                "disk_type": "pd-standard",
                "effective_taints": [],
                "ephemeral_storage_local_ssd_config": [],
                "fast_socket": [],
                "gcfs_config": [],
                "guest_accelerator": [],
                "gvnic": [],
                "host_maintenance_policy": [],
                "image_type": "COS_CONTAINERD",
                "kubelet_config": [],
                "labels": {},
                "linux_node_config": [],
                "local_nvme_ssd_block_config": [],
                "local_ssd_count": 0,
                "logging_variant": "DEFAULT",
                "machine_type": "e2-medium",
                "metadata": {
                  "disable-legacy-endpoints": "true"
                },
                "min_cpu_platform": "",
                "node_group": "",
                "oauth_scopes": [
                  "https://www.googleapis.com/auth/cloud-platform"
                ],
                "preemptible": false,
                "reservation_affinity": [],
                "resource_labels": null,
                "service_account": "terraform@stoked-axe-388413.iam.gserviceaccount.com",
                "shielded_instance_config": [
                  {
                    "enable_integrity_monitoring": true,
                    "enable_secure_boot": false
                  }
                ],
                "sole_tenant_config": [],
                "spot": false,
                "tags": null,
                "taint": [],
                "workload_metadata_config": []
              }
            ],
            "node_count": 1,
            "node_locations": [
              "us-east1-b"
            ],
            "operation": null,
            "placement_policy": [],
            "project": "stoked-axe-388413",
            "timeouts": null,
            "upgrade_settings": [
              {
                "blue_green_settings": [],
                "max_surge": 1,
                "max_unavailable": 0,
                "strategy": "SURGE"
              }
            ],
            "version": "1.27.3-gke.100"
          },
          "sensitive_attributes": [],
          "private": "eyJlMmJmYjczMC1lY2FhLTExZTYtOGY4OC0zNDM2M2JjN2M0YzAiOnsiY3JlYXRlIjoxODAwMDAwMDAwMDAwLCJkZWxldGUiOjE4MDAwMDAwMDAwMDAsInVwZGF0ZSI6MTgwMDAwMDAwMDAwMH0sInNjaGVtYV92ZXJzaW9uIjoiMSJ9",
          "dependencies": [
            "google_container_cluster.primary"
          ]
        }
      ]
    }
  ],
  "check_results": null
}
